
Microsoft Visual Studio Solution File, Format Version 12.00
# Visual Studio 15
VisualStudioVersion = 15.0.26730.15
MinimumVisualStudioVersion = 10.0.40219.1
Project("{FAE04EC0-301F-11D3-BF4B-00C04F79EFBC}") = "MyShopApp.Android", "MyShopApp\MyShopApp.Android\MyShopApp.Android.csproj", "{5524E8F3-F12A-4672-A639-55148F03C635}"
EndProject
Project("{FAE04EC0-301F-11D3-BF4B-00C04F79EFBC}") = "MyShopApp", "MyShopApp\MyShopApp\MyShopApp.csproj", "{9054E9A6-4E9B-4135-8C78-A3733B29223B}"
EndProject
Project("{FAE04EC0-301F-11D3-BF4B-00C04F79EFBC}") = "MyShopApp.UWP", "MyShopApp\MyShopApp.UWP\MyShopApp.UWP.csproj", "{F47A21FD-ED3B-4634-944E-F935FCEE32FA}"
EndProject
Project("{FAE04EC0-301F-11D3-BF4B-00C04F79EFBC}") = "MyShopApp.iOS", "MyShopApp\MyShopApp.iOS\MyShopApp.iOS.csproj", "{D26B66C4-A24D-4717-BF95-25D454802325}"
EndProject
Global
	GlobalSection(SolutionConfigurationPlatforms) = preSolution
		Ad-Hoc|Any CPU = Ad-Hoc|Any CPU
		Ad-Hoc|ARM = Ad-Hoc|ARM
		Ad-Hoc|iPhone = Ad-Hoc|iPhone
		Ad-Hoc|iPhoneSimulator = Ad-Hoc|iPhoneSimulator
		Ad-Hoc|x64 = Ad-Hoc|x64
		Ad-Hoc|x86 = Ad-Hoc|x86
		AppStore|Any CPU = AppStore|Any CPU
		AppStore|ARM = AppStore|ARM
		AppStore|iPhone = AppStore|iPhone
		AppStore|iPhoneSimulator = AppStore|iPhoneSimulator
		AppStore|x64 = AppStore|x64
		AppStore|x86 = AppStore|x86
		Debug|Any CPU = Debug|Any CPU
		Debug|ARM = Debug|ARM
		Debug|iPhone = Debug|iPhone
		Debug|iPhoneSimulator = Debug|iPhoneSimulator
		Debug|x64 = Debug|x64
		Debug|x86 = Debug|x86
		Release|Any CPU = Release|Any CPU
		Release|ARM = Release|ARM
		Release|iPhone = Release|iPhone
		Release|iPhoneSimulator = Release|iPhoneSimulator
		Release|x64 = Release|x64
		Release|x86 = Release|x86
	EndGlobalSection
	GlobalSection(ProjectConfigurationPlatforms) = postSolution
		{5524E8F3-F12A-4672-A639-55148F03C635}.Ad-Hoc|Any CPU.ActiveCfg = Release|Any CPU
		{5524E8F3-F12A-4672-A639-55148F03C635}.Ad-Hoc|Any CPU.Build.0 = Release|Any CPU
		{5524E8F3-F12A-4672-A639-55148F03C635}.Ad-Hoc|Any CPU.Deploy.0 = Release|Any CPU
		{5524E8F3-F12A-4672-A639-55148F03C635}.Ad-Hoc|ARM.ActiveCfg = Release|Any CPU
		{5524E8F3-F12A-4672-A639-55148F03C635}.Ad-Hoc|ARM.Build.0 = Release|Any CPU
		{5524E8F3-F12A-4672-A639-55148F03C635}.Ad-Hoc|ARM.Deploy.0 = Release|Any CPU
		{5524E8F3-F12A-4672-A639-55148F03C635}.Ad-Hoc|iPhone.ActiveCfg = Release|Any CPU
		{5524E8F3-F12A-4672-A639-55148F03C635}.Ad-Hoc|iPhone.Build.0 = Release|Any CPU
		{5524E8F3-F12A-4672-A639-55148F03C635}.Ad-Hoc|iPhone.Deploy.0 = Release|Any CPU
		{5524E8F3-F12A-4672-A639-55148F03C635}.Ad-Hoc|iPhoneSimulator.ActiveCfg = Release|Any CPU
		{5524E8F3-F12A-4672-A639-55148F03C635}.Ad-Hoc|iPhoneSimulator.Build.0 = Release|Any CPU
		{5524E8F3-F12A-4672-A639-55148F03C635}.Ad-Hoc|iPhoneSimulator.Deploy.0 = Release|Any CPU
		{5524E8F3-F12A-4672-A639-55148F03C635}.Ad-Hoc|x64.ActiveCfg = Release|Any CPU
		{5524E8F3-F12A-4672-A639-55148F03C635}.Ad-Hoc|x64.Build.0 = Release|Any CPU
		{5524E8F3-F12A-4672-A639-55148F03C635}.Ad-Hoc|x64.Deploy.0 = Release|Any CPU
		{5524E8F3-F12A-4672-A639-55148F03C635}.Ad-Hoc|x86.ActiveCfg = Release|Any CPU
		{5524E8F3-F12A-4672-A639-55148F03C635}.Ad-Hoc|x86.Build.0 = Release|Any CPU
		{5524E8F3-F12A-4672-A639-55148F03C635}.Ad-Hoc|x86.Deploy.0 = Release|Any CPU
		{5524E8F3-F12A-4672-A639-55148F03C635}.AppStore|Any CPU.ActiveCfg = Release|Any CPU
		{5524E8F3-F12A-4672-A639-55148F03C635}.AppStore|Any CPU.Build.0 = Release|Any CPU
		{5524E8F3-F12A-4672-A639-55148F03C635}.AppStore|Any CPU.Deploy.0 = Release|Any CPU
		{5524E8F3-F12A-4672-A639-55148F03C635}.AppStore|ARM.ActiveCfg = Release|Any CPU
		{5524E8F3-F12A-4672-A639-55148F03C635}.AppStore|ARM.Build.0 = Release|Any CPU
		{5524E8F3-F12A-4672-A639-55148F03C635}.AppStore|ARM.Deploy.0 = Release|Any CPU
		{5524E8F3-F12A-4672-A639-55148F03C635}.AppStore|iPhone.ActiveCfg = Release|Any CPU
		{5524E8F3-F12A-4672-A639-55148F03C635}.AppStore|iPhone.Build.0 = Release|Any CPU
		{5524E8F3-F12A-4672-A639-55148F03C635}.AppStore|iPhone.Deploy.0 = Release|Any CPU
		{5524E8F3-F12A-4672-A639-55148F03C635}.AppStore|iPhoneSimulator.ActiveCfg = Release|Any CPU
		{5524E8F3-F12A-4672-A639-55148F03C635}.AppStore|iPhoneSimulator.Build.0 = Release|Any CPU
		{5524E8F3-F12A-4672-A639-55148F03C635}.AppStore|iPhoneSimulator.Deploy.0 = Release|Any CPU
		{5524E8F3-F12A-4672-A639-55148F03C635}.AppStore|x64.ActiveCfg = Release|Any CPU
		{5524E8F3-F12A-4672-A639-55148F03C635}.AppStore|x64.Build.0 = Release|Any CPU
		{5524E8F3-F12A-4672-A639-55148F03C635}.AppStore|x64.Deploy.0 = Release|Any CPU
		{5524E8F3-F12A-4672-A639-55148F03C635}.AppStore|x86.ActiveCfg = Release|Any CPU
		{5524E8F3-F12A-4672-A639-55148F03C635}.AppStore|x86.Build.0 = Release|Any CPU
		{5524E8F3-F12A-4672-A639-55148F03C635}.AppStore|x86.Deploy.0 = Release|Any CPU
		{5524E8F3-F12A-4672-A639-55148F03C635}.Debug|Any CPU.ActiveCfg = Debug|Any CPU
		{5524E8F3-F12A-4672-A639-55148F03C635}.Debug|Any CPU.Build.0 = Debug|Any CPU
		{5524E8F3-F12A-4672-A639-55148F03C635}.Debug|Any CPU.Deploy.0 = Debug|Any CPU
		{5524E8F3-F12A-4672-A639-55148F03C635}.Debug|ARM.ActiveCfg = Debug|Any CPU
		{5524E8F3-F12A-4672-A639-55148F03C635}.Debug|ARM.Build.0 = Debug|Any CPU
		{5524E8F3-F12A-4672-A639-55148F03C635}.Debug|ARM.Deploy.0 = Debug|Any CPU
		{5524E8F3-F12A-4672-A639-55148F03C635}.Debug|iPhone.ActiveCfg = Debug|Any CPU
		{5524E8F3-F12A-4672-A639-55148F03C635}.Debug|iPhone.Build.0 = Debug|Any CPU
		{5524E8F3-F12A-4672-A639-55148F03C635}.Debug|iPhone.Deploy.0 = Debug|Any CPU
		{5524E8F3-F12A-4672-A639-55148F03C635}.Debug|iPhoneSimulator.ActiveCfg = Debug|Any CPU
		{5524E8F3-F12A-4672-A639-55148F03C635}.Debug|iPhoneSimulator.Build.0 = Debug|Any CPU
		{5524E8F3-F12A-4672-A639-55148F03C635}.Debug|iPhoneSimulator.Deploy.0 = Debug|Any CPU
		{5524E8F3-F12A-4672-A639-55148F03C635}.Debug|x64.ActiveCfg = Debug|Any CPU
		{5524E8F3-F12A-4672-A639-55148F03C635}.Debug|x64.Build.0 = Debug|Any CPU
		{5524E8F3-F12A-4672-A639-55148F03C635}.Debug|x64.Deploy.0 = Debug|Any CPU
		{5524E8F3-F12A-4672-A639-55148F03C635}.Debug|x86.ActiveCfg = Debug|Any CPU
		{5524E8F3-F12A-4672-A639-55148F03C635}.Debug|x86.Build.0 = Debug|Any CPU
		{5524E8F3-F12A-4672-A639-55148F03C635}.Debug|x86.Deploy.0 = Debug|Any CPU
		{5524E8F3-F12A-4672-A639-55148F03C635}.Release|Any CPU.ActiveCfg = Release|Any CPU
		{5524E8F3-F12A-4672-A639-55148F03C635}.Release|Any CPU.Build.0 = Release|Any CPU
		{5524E8F3-F12A-4672-A639-55148F03C635}.Release|Any CPU.Deploy.0 = Release|Any CPU
		{5524E8F3-F12A-4672-A639-55148F03C635}.Release|ARM.ActiveCfg = Release|Any CPU
		{5524E8F3-F12A-4672-A639-55148F03C635}.Release|ARM.Build.0 = Release|Any CPU
		{5524E8F3-F12A-4672-A639-55148F03C635}.Release|ARM.Deploy.0 = Release|Any CPU
		{5524E8F3-F12A-4672-A639-55148F03C635}.Release|iPhone.ActiveCfg = Release|Any CPU
		{5524E8F3-F12A-4672-A639-55148F03C635}.Release|iPhone.Build.0 = Release|Any CPU
		{5524E8F3-F12A-4672-A639-55148F03C635}.Release|iPhone.Deploy.0 = Release|Any CPU
		{5524E8F3-F12A-4672-A639-55148F03C635}.Release|iPhoneSimulator.ActiveCfg = Release|Any CPU
		{5524E8F3-F12A-4672-A639-55148F03C635}.Release|iPhoneSimulator.Build.0 = Release|Any CPU
		{5524E8F3-F12A-4672-A639-55148F03C635}.Release|iPhoneSimulator.Deploy.0 = Release|Any CPU
		{5524E8F3-F12A-4672-A639-55148F03C635}.Release|x64.ActiveCfg = Release|Any CPU
		{5524E8F3-F12A-4672-A639-55148F03C635}.Release|x64.Build.0 = Release|Any CPU
		{5524E8F3-F12A-4672-A639-55148F03C635}.Release|x64.Deploy.0 = Release|Any CPU
		{5524E8F3-F12A-4672-A639-55148F03C635}.Release|x86.ActiveCfg = Release|Any CPU
		{5524E8F3-F12A-4672-A639-55148F03C635}.Release|x86.Build.0 = Release|Any CPU
		{5524E8F3-F12A-4672-A639-55148F03C635}.Release|x86.Deploy.0 = Release|Any CPU
		{9054E9A6-4E9B-4135-8C78-A3733B29223B}.Ad-Hoc|Any CPU.ActiveCfg = Release|Any CPU
		{9054E9A6-4E9B-4135-8C78-A3733B29223B}.Ad-Hoc|Any CPU.Build.0 = Release|Any CPU
		{9054E9A6-4E9B-4135-8C78-A3733B29223B}.Ad-Hoc|ARM.ActiveCfg = Release|Any CPU
		{9054E9A6-4E9B-4135-8C78-A3733B29223B}.Ad-Hoc|ARM.Build.0 = Release|Any CPU
		{9054E9A6-4E9B-4135-8C78-A3733B29223B}.Ad-Hoc|iPhone.ActiveCfg = Release|Any CPU
		{9054E9A6-4E9B-4135-8C78-A3733B29223B}.Ad-Hoc|iPhone.Build.0 = Release|Any CPU
		{9054E9A6-4E9B-4135-8C78-A3733B29223B}.Ad-Hoc|iPhoneSimulator.ActiveCfg = Release|Any CPU
		{9054E9A6-4E9B-4135-8C78-A3733B29223B}.Ad-Hoc|iPhoneSimulator.Build.0 = Release|Any CPU
		{9054E9A6-4E9B-4135-8C78-A3733B29223B}.Ad-Hoc|x64.ActiveCfg = Release|Any CPU
		{9054E9A6-4E9B-4135-8C78-A3733B29223B}.Ad-Hoc|x64.Build.0 = Release|Any CPU
		{9054E9A6-4E9B-4135-8C78-A3733B29223B}.Ad-Hoc|x86.ActiveCfg = Release|Any CPU
		{9054E9A6-4E9B-4135-8C78-A3733B29223B}.Ad-Hoc|x86.Build.0 = Release|Any CPU
		{9054E9A6-4E9B-4135-8C78-A3733B29223B}.AppStore|Any CPU.ActiveCfg = Release|Any CPU
		{9054E9A6-4E9B-4135-8C78-A3733B29223B}.AppStore|Any CPU.Build.0 = Release|Any CPU
		{9054E9A6-4E9B-4135-8C78-A3733B29223B}.AppStore|ARM.ActiveCfg = Release|Any CPU
		{9054E9A6-4E9B-4135-8C78-A3733B29223B}.AppStore|ARM.Build.0 = Release|Any CPU
		{9054E9A6-4E9B-4135-8C78-A3733B29223B}.AppStore|iPhone.ActiveCfg = Release|Any CPU
		{9054E9A6-4E9B-4135-8C78-A3733B29223B}.AppStore|iPhone.Build.0 = Release|Any CPU
		{9054E9A6-4E9B-4135-8C78-A3733B29223B}.AppStore|iPhoneSimulator.ActiveCfg = Release|Any CPU
		{9054E9A6-4E9B-4135-8C78-A3733B29223B}.AppStore|iPhoneSimulator.Build.0 = Release|Any CPU
		{9054E9A6-4E9B-4135-8C78-A3733B29223B}.AppStore|x64.ActiveCfg = Release|Any CPU
		{9054E9A6-4E9B-4135-8C78-A3733B29223B}.AppStore|x64.Build.0 = Release|Any CPU
		{9054E9A6-4E9B-4135-8C78-A3733B29223B}.AppStore|x86.ActiveCfg = Release|Any CPU
		{9054E9A6-4E9B-4135-8C78-A3733B29223B}.AppStore|x86.Build.0 = Release|Any CPU
		{9054E9A6-4E9B-4135-8C78-A3733B29223B}.Debug|Any CPU.ActiveCfg = Debug|Any CPU
		{9054E9A6-4E9B-4135-8C78-A3733B29223B}.Debug|Any CPU.Build.0 = Debug|Any CPU
		{9054E9A6-4E9B-4135-8C78-A3733B29223B}.Debug|ARM.ActiveCfg = Debug|Any CPU
		{9054E9A6-4E9B-4135-8C78-A3733B29223B}.Debug|ARM.Build.0 = Debug|Any CPU
		{9054E9A6-4E9B-4135-8C78-A3733B29223B}.Debug|iPhone.ActiveCfg = Debug|Any CPU
		{9054E9A6-4E9B-4135-8C78-A3733B29223B}.Debug|iPhone.Build.0 = Debug|Any CPU
		{9054E9A6-4E9B-4135-8C78-A3733B29223B}.Debug|iPhoneSimulator.ActiveCfg = Debug|Any CPU
		{9054E9A6-4E9B-4135-8C78-A3733B29223B}.Debug|iPhoneSimulator.Build.0 = Debug|Any CPU
		{9054E9A6-4E9B-4135-8C78-A3733B29223B}.Debug|x64.ActiveCfg = Debug|Any CPU
		{9054E9A6-4E9B-4135-8C78-A3733B29223B}.Debug|x64.Build.0 = Debug|Any CPU
		{9054E9A6-4E9B-4135-8C78-A3733B29223B}.Debug|x86.ActiveCfg = Debug|Any CPU
		{9054E9A6-4E9B-4135-8C78-A3733B29223B}.Debug|x86.Build.0 = Debug|Any CPU
		{9054E9A6-4E9B-4135-8C78-A3733B29223B}.Release|Any CPU.ActiveCfg = Release|Any CPU
		{9054E9A6-4E9B-4135-8C78-A3733B29223B}.Release|Any CPU.Build.0 = Release|Any CPU
		{9054E9A6-4E9B-4135-8C78-A3733B29223B}.Release|ARM.ActiveCfg = Release|Any CPU
		{9054E9A6-4E9B-4135-8C78-A3733B29223B}.Release|ARM.Build.0 = Release|Any CPU
		{9054E9A6-4E9B-4135-8C78-A3733B29223B}.Release|iPhone.ActiveCfg = Release|Any CPU
		{9054E9A6-4E9B-4135-8C78-A3733B29223B}.Release|iPhone.Build.0 = Release|Any CPU
		{9054E9A6-4E9B-4135-8C78-A3733B29223B}.Release|iPhoneSimulator.ActiveCfg = Release|Any CPU
		{9054E9A6-4E9B-4135-8C78-A3733B29223B}.Release|iPhoneSimulator.Build.0 = Release|Any CPU
		{9054E9A6-4E9B-4135-8C78-A3733B29223B}.Release|x64.ActiveCfg = Release|Any CPU
		{9054E9A6-4E9B-4135-8C78-A3733B29223B}.Release|x64.Build.0 = Release|Any CPU
		{9054E9A6-4E9B-4135-8C78-A3733B29223B}.Release|x86.ActiveCfg = Release|Any CPU
		{9054E9A6-4E9B-4135-8C78-A3733B29223B}.Release|x86.Build.0 = Release|Any CPU
		{F47A21FD-ED3B-4634-944E-F935FCEE32FA}.Ad-Hoc|Any CPU.ActiveCfg = Release|x86
		{F47A21FD-ED3B-4634-944E-F935FCEE32FA}.Ad-Hoc|Any CPU.Build.0 = Release|x86
		{F47A21FD-ED3B-4634-944E-F935FCEE32FA}.Ad-Hoc|Any CPU.Deploy.0 = Release|x86
		{F47A21FD-ED3B-4634-944E-F935FCEE32FA}.Ad-Hoc|ARM.ActiveCfg = Release|ARM
		{F47A21FD-ED3B-4634-944E-F935FCEE32FA}.Ad-Hoc|ARM.Build.0 = Release|ARM
		{F47A21FD-ED3B-4634-944E-F935FCEE32FA}.Ad-Hoc|ARM.Deploy.0 = Release|ARM
		{F47A21FD-ED3B-4634-944E-F935FCEE32FA}.Ad-Hoc|iPhone.ActiveCfg = Release|x86
		{F47A21FD-ED3B-4634-944E-F935FCEE32FA}.Ad-Hoc|iPhone.Build.0 = Release|x86
		{F47A21FD-ED3B-4634-944E-F935FCEE32FA}.Ad-Hoc|iPhone.Deploy.0 = Release|x86
		{F47A21FD-ED3B-4634-944E-F935FCEE32FA}.Ad-Hoc|iPhoneSimulator.ActiveCfg = Release|x86
		{F47A21FD-ED3B-4634-944E-F935FCEE32FA}.Ad-Hoc|iPhoneSimulator.Build.0 = Release|x86
		{F47A21FD-ED3B-4634-944E-F935FCEE32FA}.Ad-Hoc|iPhoneSimulator.Deploy.0 = Release|x86
		{F47A21FD-ED3B-4634-944E-F935FCEE32FA}.Ad-Hoc|x64.ActiveCfg = Release|x64
		{F47A21FD-ED3B-4634-944E-F935FCEE32FA}.Ad-Hoc|x64.Build.0 = Release|x64
		{F47A21FD-ED3B-4634-944E-F935FCEE32FA}.Ad-Hoc|x64.Deploy.0 = Release|x64
		{F47A21FD-ED3B-4634-944E-F935FCEE32FA}.Ad-Hoc|x86.ActiveCfg = Release|x86
		{F47A21FD-ED3B-4634-944E-F935FCEE32FA}.Ad-Hoc|x86.Build.0 = Release|x86
		{F47A21FD-ED3B-4634-944E-F935FCEE32FA}.Ad-Hoc|x86.Deploy.0 = Release|x86
		{F47A21FD-ED3B-4634-944E-F935FCEE32FA}.AppStore|Any CPU.ActiveCfg = Release|x86
		{F47A21FD-ED3B-4634-944E-F935FCEE32FA}.AppStore|Any CPU.Build.0 = Release|x86
		{F47A21FD-ED3B-4634-944E-F935FCEE32FA}.AppStore|Any CPU.Deploy.0 = Release|x86
		{F47A21FD-ED3B-4634-944E-F935FCEE32FA}.AppStore|ARM.ActiveCfg = Release|ARM
		{F47A21FD-ED3B-4634-944E-F935FCEE32FA}.AppStore|ARM.Build.0 = Release|ARM
		{F47A21FD-ED3B-4634-944E-F935FCEE32FA}.AppStore|ARM.Deploy.0 = Release|ARM
		{F47A21FD-ED3B-4634-944E-F935FCEE32FA}.AppStore|iPhone.ActiveCfg = Release|x86
		{F47A21FD-ED3B-4634-944E-F935FCEE32FA}.AppStore|iPhone.Build.0 = Release|x86
		{F47A21FD-ED3B-4634-944E-F935FCEE32FA}.AppStore|iPhone.Deploy.0 = Release|x86
		{F47A21FD-ED3B-4634-944E-F935FCEE32FA}.AppStore|iPhoneSimulator.ActiveCfg = Release|x86
		{F47A21FD-ED3B-4634-944E-F935FCEE32FA}.AppStore|iPhoneSimulator.Build.0 = Release|x86
		{F47A21FD-ED3B-4634-944E-F935FCEE32FA}.AppStore|iPhoneSimulator.Deploy.0 = Release|x86
		{F47A21FD-ED3B-4634-944E-F935FCEE32FA}.AppStore|x64.ActiveCfg = Release|x64
		{F47A21FD-ED3B-4634-944E-F935FCEE32FA}.AppStore|x64.Build.0 = Release|x64
		{F47A21FD-ED3B-4634-944E-F935FCEE32FA}.AppStore|x64.Deploy.0 = Release|x64
		{F47A21FD-ED3B-4634-944E-F935FCEE32FA}.AppStore|x86.ActiveCfg = Release|x86
		{F47A21FD-ED3B-4634-944E-F935FCEE32FA}.AppStore|x86.Build.0 = Release|x86
		{F47A21FD-ED3B-4634-944E-F935FCEE32FA}.AppStore|x86.Deploy.0 = Release|x86
		{F47A21FD-ED3B-4634-944E-F935FCEE32FA}.Debug|Any CPU.ActiveCfg = Debug|x86
		{F47A21FD-ED3B-4634-944E-F935FCEE32FA}.Debug|Any CPU.Build.0 = Debug|x86
		{F47A21FD-ED3B-4634-944E-F935FCEE32FA}.Debug|Any CPU.Deploy.0 = Debug|x86
		{F47A21FD-ED3B-4634-944E-F935FCEE32FA}.Debug|ARM.ActiveCfg = Debug|ARM
		{F47A21FD-ED3B-4634-944E-F935FCEE32FA}.Debug|ARM.Build.0 = Debug|ARM
		{F47A21FD-ED3B-4634-944E-F935FCEE32FA}.Debug|ARM.Deploy.0 = Debug|ARM
		{F47A21FD-ED3B-4634-944E-F935FCEE32FA}.Debug|iPhone.ActiveCfg = Debug|x86
		{F47A21FD-ED3B-4634-944E-F935FCEE32FA}.Debug|iPhoneSimulator.ActiveCfg = Debug|x86
		{F47A21FD-ED3B-4634-944E-F935FCEE32FA}.Debug|x64.ActiveCfg = Debug|x64
		{F47A21FD-ED3B-4634-944E-F935FCEE32FA}.Debug|x64.Build.0 = Debug|x64
		{F47A21FD-ED3B-4634-944E-F935FCEE32FA}.Debug|x64.Deploy.0 = Debug|x64
		{F47A21FD-ED3B-4634-944E-F935FCEE32FA}.Debug|x86.ActiveCfg = Debug|x86
		{F47A21FD-ED3B-4634-944E-F935FCEE32FA}.Debug|x86.Build.0 = Debug|x86
		{F47A21FD-ED3B-4634-944E-F935FCEE32FA}.Debug|x86.Deploy.0 = Debug|x86
		{F47A21FD-ED3B-4634-944E-F935FCEE32FA}.Release|Any CPU.ActiveCfg = Release|x86
		{F47A21FD-ED3B-4634-944E-F935FCEE32FA}.Release|ARM.ActiveCfg = Release|ARM
		{F47A21FD-ED3B-4634-944E-F935FCEE32FA}.Release|ARM.Build.0 = Release|ARM
		{F47A21FD-ED3B-4634-944E-F935FCEE32FA}.Release|ARM.Deploy.0 = Release|ARM
		{F47A21FD-ED3B-4634-944E-F935FCEE32FA}.Release|iPhone.ActiveCfg = Release|x86
		{F47A21FD-ED3B-4634-944E-F935FCEE32FA}.Release|iPhoneSimulator.ActiveCfg = Release|x86
		{F47A21FD-ED3B-4634-944E-F935FCEE32FA}.Release|x64.ActiveCfg = Release|x64
		{F47A21FD-ED3B-4634-944E-F935FCEE32FA}.Release|x64.Build.0 = Release|x64
		{F47A21FD-ED3B-4634-944E-F935FCEE32FA}.Release|x64.Deploy.0 = Release|x64
		{F47A21FD-ED3B-4634-944E-F935FCEE32FA}.Release|x86.ActiveCfg = Release|x86
		{F47A21FD-ED3B-4634-944E-F935FCEE32FA}.Release|x86.Build.0 = Release|x86
		{F47A21FD-ED3B-4634-944E-F935FCEE32FA}.Release|x86.Deploy.0 = Release|x86
		{D26B66C4-A24D-4717-BF95-25D454802325}.Ad-Hoc|Any CPU.ActiveCfg = Ad-Hoc|iPhone
		{D26B66C4-A24D-4717-BF95-25D454802325}.Ad-Hoc|ARM.ActiveCfg = Ad-Hoc|iPhone
		{D26B66C4-A24D-4717-BF95-25D454802325}.Ad-Hoc|iPhone.ActiveCfg = Ad-Hoc|iPhone
		{D26B66C4-A24D-4717-BF95-25D454802325}.Ad-Hoc|iPhone.Build.0 = Ad-Hoc|iPhone
		{D26B66C4-A24D-4717-BF95-25D454802325}.Ad-Hoc|iPhoneSimulator.ActiveCfg = Ad-Hoc|iPhoneSimulator
		{D26B66C4-A24D-4717-BF95-25D454802325}.Ad-Hoc|iPhoneSimulator.Build.0 = Ad-Hoc|iPhoneSimulator
		{D26B66C4-A24D-4717-BF95-25D454802325}.Ad-Hoc|x64.ActiveCfg = Ad-Hoc|iPhone
		{D26B66C4-A24D-4717-BF95-25D454802325}.Ad-Hoc|x86.ActiveCfg = Ad-Hoc|iPhone
		{D26B66C4-A24D-4717-BF95-25D454802325}.AppStore|Any CPU.ActiveCfg = AppStore|iPhone
		{D26B66C4-A24D-4717-BF95-25D454802325}.AppStore|ARM.ActiveCfg = AppStore|iPhone
		{D26B66C4-A24D-4717-BF95-25D454802325}.AppStore|iPhone.ActiveCfg = AppStore|iPhone
		{D26B66C4-A24D-4717-BF95-25D454802325}.AppStore|iPhone.Build.0 = AppStore|iPhone
		{D26B66C4-A24D-4717-BF95-25D454802325}.AppStore|iPhoneSimulator.ActiveCfg = AppStore|iPhoneSimulator
		{D26B66C4-A24D-4717-BF95-25D454802325}.AppStore|iPhoneSimulator.Build.0 = AppStore|iPhoneSimulator
		{D26B66C4-A24D-4717-BF95-25D454802325}.AppStore|x64.ActiveCfg = AppStore|iPhone
		{D26B66C4-A24D-4717-BF95-25D454802325}.AppStore|x86.ActiveCfg = AppStore|iPhone
		{D26B66C4-A24D-4717-BF95-25D454802325}.Debug|Any CPU.ActiveCfg = Debug|iPhone
		{D26B66C4-A24D-4717-BF95-25D454802325}.Debug|ARM.ActiveCfg = Debug|iPhone
		{D26B66C4-A24D-4717-BF95-25D454802325}.Debug|iPhone.ActiveCfg = Debug|iPhone
		{D26B66C4-A24D-4717-BF95-25D454802325}.Debug|iPhone.Build.0 = Debug|iPhone
		{D26B66C4-A24D-4717-BF95-25D454802325}.Debug|iPhoneSimulator.ActiveCfg = Debug|iPhoneSimulator
		{D26B66C4-A24D-4717-BF95-25D454802325}.Debug|iPhoneSimulator.Build.0 = Debug|iPhoneSimulator
		{D26B66C4-A24D-4717-BF95-25D454802325}.Debug|x64.ActiveCfg = Debug|iPhone
		{D26B66C4-A24D-4717-BF95-25D454802325}.Debug|x86.ActiveCfg = Debug|iPhone
		{D26B66C4-A24D-4717-BF95-25D454802325}.Release|Any CPU.ActiveCfg = Release|iPhone
		{D26B66C4-A24D-4717-BF95-25D454802325}.Release|ARM.ActiveCfg = Release|iPhone
		{D26B66C4-A24D-4717-BF95-25D454802325}.Release|iPhone.ActiveCfg = Release|iPhone
		{D26B66C4-A24D-4717-BF95-25D454802325}.Release|iPhone.Build.0 = Release|iPhone
		{D26B66C4-A24D-4717-BF95-25D454802325}.Release|iPhoneSimulator.ActiveCfg = Release|iPhoneSimulator
		{D26B66C4-A24D-4717-BF95-25D454802325}.Release|iPhoneSimulator.Build.0 = Release|iPhoneSimulator
		{D26B66C4-A24D-4717-BF95-25D454802325}.Release|x64.ActiveCfg = Release|iPhone
		{D26B66C4-A24D-4717-BF95-25D454802325}.Release|x86.ActiveCfg = Release|iPhone
	EndGlobalSection
	GlobalSection(SolutionProperties) = preSolution
		HideSolutionNode = FALSE
	EndGlobalSection
	GlobalSection(ExtensibilityGlobals) = postSolution
		SolutionGuid = {CCE26DD9-1759-4663-BC2B-4D43F2590ED3}
	EndGlobalSection
EndGlobal
