
Microsoft Visual Studio Solution File, Format Version 12.00
# Visual Studio 15
VisualStudioVersion = 15.0.26730.15
MinimumVisualStudioVersion = 10.0.40219.1
Project("{FAE04EC0-301F-11D3-BF4B-00C04F79EFBC}") = "ShopAdmin.Android", "ShopAdmin\ShopAdmin.Android\ShopAdmin.Android.csproj", "{50BBCA88-D6F7-4570-A630-A5025653CB0A}"
EndProject
Project("{FAE04EC0-301F-11D3-BF4B-00C04F79EFBC}") = "ShopAdmin", "ShopAdmin\ShopAdmin\ShopAdmin.csproj", "{9211DF77-140A-48AD-890C-1C56554A045A}"
EndProject
Project("{FAE04EC0-301F-11D3-BF4B-00C04F79EFBC}") = "ShopAdmin.UWP", "ShopAdmin\ShopAdmin.UWP\ShopAdmin.UWP.csproj", "{6173CC5B-A08A-49C2-86F7-C6A58BCD2943}"
EndProject
Project("{FAE04EC0-301F-11D3-BF4B-00C04F79EFBC}") = "ShopAdmin.iOS", "ShopAdmin\ShopAdmin.iOS\ShopAdmin.iOS.csproj", "{3526EC6E-76A9-47CB-BF3A-0FF0F64AE6AC}"
EndProject
Global
	GlobalSection(SolutionConfigurationPlatforms) = preSolution
		Ad-Hoc|Any CPU = Ad-Hoc|Any CPU
		Ad-Hoc|ARM = Ad-Hoc|ARM
		Ad-Hoc|iPhone = Ad-Hoc|iPhone
		Ad-Hoc|iPhoneSimulator = Ad-Hoc|iPhoneSimulator
		Ad-Hoc|x64 = Ad-Hoc|x64
		Ad-Hoc|x86 = Ad-Hoc|x86
		AppStore|Any CPU = AppStore|Any CPU
		AppStore|ARM = AppStore|ARM
		AppStore|iPhone = AppStore|iPhone
		AppStore|iPhoneSimulator = AppStore|iPhoneSimulator
		AppStore|x64 = AppStore|x64
		AppStore|x86 = AppStore|x86
		Debug|Any CPU = Debug|Any CPU
		Debug|ARM = Debug|ARM
		Debug|iPhone = Debug|iPhone
		Debug|iPhoneSimulator = Debug|iPhoneSimulator
		Debug|x64 = Debug|x64
		Debug|x86 = Debug|x86
		Release|Any CPU = Release|Any CPU
		Release|ARM = Release|ARM
		Release|iPhone = Release|iPhone
		Release|iPhoneSimulator = Release|iPhoneSimulator
		Release|x64 = Release|x64
		Release|x86 = Release|x86
	EndGlobalSection
	GlobalSection(ProjectConfigurationPlatforms) = postSolution
		{50BBCA88-D6F7-4570-A630-A5025653CB0A}.Ad-Hoc|Any CPU.ActiveCfg = Release|Any CPU
		{50BBCA88-D6F7-4570-A630-A5025653CB0A}.Ad-Hoc|Any CPU.Build.0 = Release|Any CPU
		{50BBCA88-D6F7-4570-A630-A5025653CB0A}.Ad-Hoc|Any CPU.Deploy.0 = Release|Any CPU
		{50BBCA88-D6F7-4570-A630-A5025653CB0A}.Ad-Hoc|ARM.ActiveCfg = Release|Any CPU
		{50BBCA88-D6F7-4570-A630-A5025653CB0A}.Ad-Hoc|ARM.Build.0 = Release|Any CPU
		{50BBCA88-D6F7-4570-A630-A5025653CB0A}.Ad-Hoc|ARM.Deploy.0 = Release|Any CPU
		{50BBCA88-D6F7-4570-A630-A5025653CB0A}.Ad-Hoc|iPhone.ActiveCfg = Release|Any CPU
		{50BBCA88-D6F7-4570-A630-A5025653CB0A}.Ad-Hoc|iPhone.Build.0 = Release|Any CPU
		{50BBCA88-D6F7-4570-A630-A5025653CB0A}.Ad-Hoc|iPhone.Deploy.0 = Release|Any CPU
		{50BBCA88-D6F7-4570-A630-A5025653CB0A}.Ad-Hoc|iPhoneSimulator.ActiveCfg = Release|Any CPU
		{50BBCA88-D6F7-4570-A630-A5025653CB0A}.Ad-Hoc|iPhoneSimulator.Build.0 = Release|Any CPU
		{50BBCA88-D6F7-4570-A630-A5025653CB0A}.Ad-Hoc|iPhoneSimulator.Deploy.0 = Release|Any CPU
		{50BBCA88-D6F7-4570-A630-A5025653CB0A}.Ad-Hoc|x64.ActiveCfg = Release|Any CPU
		{50BBCA88-D6F7-4570-A630-A5025653CB0A}.Ad-Hoc|x64.Build.0 = Release|Any CPU
		{50BBCA88-D6F7-4570-A630-A5025653CB0A}.Ad-Hoc|x64.Deploy.0 = Release|Any CPU
		{50BBCA88-D6F7-4570-A630-A5025653CB0A}.Ad-Hoc|x86.ActiveCfg = Release|Any CPU
		{50BBCA88-D6F7-4570-A630-A5025653CB0A}.Ad-Hoc|x86.Build.0 = Release|Any CPU
		{50BBCA88-D6F7-4570-A630-A5025653CB0A}.Ad-Hoc|x86.Deploy.0 = Release|Any CPU
		{50BBCA88-D6F7-4570-A630-A5025653CB0A}.AppStore|Any CPU.ActiveCfg = Release|Any CPU
		{50BBCA88-D6F7-4570-A630-A5025653CB0A}.AppStore|Any CPU.Build.0 = Release|Any CPU
		{50BBCA88-D6F7-4570-A630-A5025653CB0A}.AppStore|Any CPU.Deploy.0 = Release|Any CPU
		{50BBCA88-D6F7-4570-A630-A5025653CB0A}.AppStore|ARM.ActiveCfg = Release|Any CPU
		{50BBCA88-D6F7-4570-A630-A5025653CB0A}.AppStore|ARM.Build.0 = Release|Any CPU
		{50BBCA88-D6F7-4570-A630-A5025653CB0A}.AppStore|ARM.Deploy.0 = Release|Any CPU
		{50BBCA88-D6F7-4570-A630-A5025653CB0A}.AppStore|iPhone.ActiveCfg = Release|Any CPU
		{50BBCA88-D6F7-4570-A630-A5025653CB0A}.AppStore|iPhone.Build.0 = Release|Any CPU
		{50BBCA88-D6F7-4570-A630-A5025653CB0A}.AppStore|iPhone.Deploy.0 = Release|Any CPU
		{50BBCA88-D6F7-4570-A630-A5025653CB0A}.AppStore|iPhoneSimulator.ActiveCfg = Release|Any CPU
		{50BBCA88-D6F7-4570-A630-A5025653CB0A}.AppStore|iPhoneSimulator.Build.0 = Release|Any CPU
		{50BBCA88-D6F7-4570-A630-A5025653CB0A}.AppStore|iPhoneSimulator.Deploy.0 = Release|Any CPU
		{50BBCA88-D6F7-4570-A630-A5025653CB0A}.AppStore|x64.ActiveCfg = Release|Any CPU
		{50BBCA88-D6F7-4570-A630-A5025653CB0A}.AppStore|x64.Build.0 = Release|Any CPU
		{50BBCA88-D6F7-4570-A630-A5025653CB0A}.AppStore|x64.Deploy.0 = Release|Any CPU
		{50BBCA88-D6F7-4570-A630-A5025653CB0A}.AppStore|x86.ActiveCfg = Release|Any CPU
		{50BBCA88-D6F7-4570-A630-A5025653CB0A}.AppStore|x86.Build.0 = Release|Any CPU
		{50BBCA88-D6F7-4570-A630-A5025653CB0A}.AppStore|x86.Deploy.0 = Release|Any CPU
		{50BBCA88-D6F7-4570-A630-A5025653CB0A}.Debug|Any CPU.ActiveCfg = Debug|Any CPU
		{50BBCA88-D6F7-4570-A630-A5025653CB0A}.Debug|Any CPU.Build.0 = Debug|Any CPU
		{50BBCA88-D6F7-4570-A630-A5025653CB0A}.Debug|Any CPU.Deploy.0 = Debug|Any CPU
		{50BBCA88-D6F7-4570-A630-A5025653CB0A}.Debug|ARM.ActiveCfg = Debug|Any CPU
		{50BBCA88-D6F7-4570-A630-A5025653CB0A}.Debug|ARM.Build.0 = Debug|Any CPU
		{50BBCA88-D6F7-4570-A630-A5025653CB0A}.Debug|ARM.Deploy.0 = Debug|Any CPU
		{50BBCA88-D6F7-4570-A630-A5025653CB0A}.Debug|iPhone.ActiveCfg = Debug|Any CPU
		{50BBCA88-D6F7-4570-A630-A5025653CB0A}.Debug|iPhone.Build.0 = Debug|Any CPU
		{50BBCA88-D6F7-4570-A630-A5025653CB0A}.Debug|iPhone.Deploy.0 = Debug|Any CPU
		{50BBCA88-D6F7-4570-A630-A5025653CB0A}.Debug|iPhoneSimulator.ActiveCfg = Debug|Any CPU
		{50BBCA88-D6F7-4570-A630-A5025653CB0A}.Debug|iPhoneSimulator.Build.0 = Debug|Any CPU
		{50BBCA88-D6F7-4570-A630-A5025653CB0A}.Debug|iPhoneSimulator.Deploy.0 = Debug|Any CPU
		{50BBCA88-D6F7-4570-A630-A5025653CB0A}.Debug|x64.ActiveCfg = Debug|Any CPU
		{50BBCA88-D6F7-4570-A630-A5025653CB0A}.Debug|x64.Build.0 = Debug|Any CPU
		{50BBCA88-D6F7-4570-A630-A5025653CB0A}.Debug|x64.Deploy.0 = Debug|Any CPU
		{50BBCA88-D6F7-4570-A630-A5025653CB0A}.Debug|x86.ActiveCfg = Debug|Any CPU
		{50BBCA88-D6F7-4570-A630-A5025653CB0A}.Debug|x86.Build.0 = Debug|Any CPU
		{50BBCA88-D6F7-4570-A630-A5025653CB0A}.Debug|x86.Deploy.0 = Debug|Any CPU
		{50BBCA88-D6F7-4570-A630-A5025653CB0A}.Release|Any CPU.ActiveCfg = Release|Any CPU
		{50BBCA88-D6F7-4570-A630-A5025653CB0A}.Release|Any CPU.Build.0 = Release|Any CPU
		{50BBCA88-D6F7-4570-A630-A5025653CB0A}.Release|Any CPU.Deploy.0 = Release|Any CPU
		{50BBCA88-D6F7-4570-A630-A5025653CB0A}.Release|ARM.ActiveCfg = Release|Any CPU
		{50BBCA88-D6F7-4570-A630-A5025653CB0A}.Release|ARM.Build.0 = Release|Any CPU
		{50BBCA88-D6F7-4570-A630-A5025653CB0A}.Release|ARM.Deploy.0 = Release|Any CPU
		{50BBCA88-D6F7-4570-A630-A5025653CB0A}.Release|iPhone.ActiveCfg = Release|Any CPU
		{50BBCA88-D6F7-4570-A630-A5025653CB0A}.Release|iPhone.Build.0 = Release|Any CPU
		{50BBCA88-D6F7-4570-A630-A5025653CB0A}.Release|iPhone.Deploy.0 = Release|Any CPU
		{50BBCA88-D6F7-4570-A630-A5025653CB0A}.Release|iPhoneSimulator.ActiveCfg = Release|Any CPU
		{50BBCA88-D6F7-4570-A630-A5025653CB0A}.Release|iPhoneSimulator.Build.0 = Release|Any CPU
		{50BBCA88-D6F7-4570-A630-A5025653CB0A}.Release|iPhoneSimulator.Deploy.0 = Release|Any CPU
		{50BBCA88-D6F7-4570-A630-A5025653CB0A}.Release|x64.ActiveCfg = Release|Any CPU
		{50BBCA88-D6F7-4570-A630-A5025653CB0A}.Release|x64.Build.0 = Release|Any CPU
		{50BBCA88-D6F7-4570-A630-A5025653CB0A}.Release|x64.Deploy.0 = Release|Any CPU
		{50BBCA88-D6F7-4570-A630-A5025653CB0A}.Release|x86.ActiveCfg = Release|Any CPU
		{50BBCA88-D6F7-4570-A630-A5025653CB0A}.Release|x86.Build.0 = Release|Any CPU
		{50BBCA88-D6F7-4570-A630-A5025653CB0A}.Release|x86.Deploy.0 = Release|Any CPU
		{9211DF77-140A-48AD-890C-1C56554A045A}.Ad-Hoc|Any CPU.ActiveCfg = Release|Any CPU
		{9211DF77-140A-48AD-890C-1C56554A045A}.Ad-Hoc|Any CPU.Build.0 = Release|Any CPU
		{9211DF77-140A-48AD-890C-1C56554A045A}.Ad-Hoc|ARM.ActiveCfg = Release|Any CPU
		{9211DF77-140A-48AD-890C-1C56554A045A}.Ad-Hoc|ARM.Build.0 = Release|Any CPU
		{9211DF77-140A-48AD-890C-1C56554A045A}.Ad-Hoc|iPhone.ActiveCfg = Release|Any CPU
		{9211DF77-140A-48AD-890C-1C56554A045A}.Ad-Hoc|iPhone.Build.0 = Release|Any CPU
		{9211DF77-140A-48AD-890C-1C56554A045A}.Ad-Hoc|iPhoneSimulator.ActiveCfg = Release|Any CPU
		{9211DF77-140A-48AD-890C-1C56554A045A}.Ad-Hoc|iPhoneSimulator.Build.0 = Release|Any CPU
		{9211DF77-140A-48AD-890C-1C56554A045A}.Ad-Hoc|x64.ActiveCfg = Release|Any CPU
		{9211DF77-140A-48AD-890C-1C56554A045A}.Ad-Hoc|x64.Build.0 = Release|Any CPU
		{9211DF77-140A-48AD-890C-1C56554A045A}.Ad-Hoc|x86.ActiveCfg = Release|Any CPU
		{9211DF77-140A-48AD-890C-1C56554A045A}.Ad-Hoc|x86.Build.0 = Release|Any CPU
		{9211DF77-140A-48AD-890C-1C56554A045A}.AppStore|Any CPU.ActiveCfg = Release|Any CPU
		{9211DF77-140A-48AD-890C-1C56554A045A}.AppStore|Any CPU.Build.0 = Release|Any CPU
		{9211DF77-140A-48AD-890C-1C56554A045A}.AppStore|ARM.ActiveCfg = Release|Any CPU
		{9211DF77-140A-48AD-890C-1C56554A045A}.AppStore|ARM.Build.0 = Release|Any CPU
		{9211DF77-140A-48AD-890C-1C56554A045A}.AppStore|iPhone.ActiveCfg = Release|Any CPU
		{9211DF77-140A-48AD-890C-1C56554A045A}.AppStore|iPhone.Build.0 = Release|Any CPU
		{9211DF77-140A-48AD-890C-1C56554A045A}.AppStore|iPhoneSimulator.ActiveCfg = Release|Any CPU
		{9211DF77-140A-48AD-890C-1C56554A045A}.AppStore|iPhoneSimulator.Build.0 = Release|Any CPU
		{9211DF77-140A-48AD-890C-1C56554A045A}.AppStore|x64.ActiveCfg = Release|Any CPU
		{9211DF77-140A-48AD-890C-1C56554A045A}.AppStore|x64.Build.0 = Release|Any CPU
		{9211DF77-140A-48AD-890C-1C56554A045A}.AppStore|x86.ActiveCfg = Release|Any CPU
		{9211DF77-140A-48AD-890C-1C56554A045A}.AppStore|x86.Build.0 = Release|Any CPU
		{9211DF77-140A-48AD-890C-1C56554A045A}.Debug|Any CPU.ActiveCfg = Debug|Any CPU
		{9211DF77-140A-48AD-890C-1C56554A045A}.Debug|Any CPU.Build.0 = Debug|Any CPU
		{9211DF77-140A-48AD-890C-1C56554A045A}.Debug|ARM.ActiveCfg = Debug|Any CPU
		{9211DF77-140A-48AD-890C-1C56554A045A}.Debug|ARM.Build.0 = Debug|Any CPU
		{9211DF77-140A-48AD-890C-1C56554A045A}.Debug|iPhone.ActiveCfg = Debug|Any CPU
		{9211DF77-140A-48AD-890C-1C56554A045A}.Debug|iPhone.Build.0 = Debug|Any CPU
		{9211DF77-140A-48AD-890C-1C56554A045A}.Debug|iPhoneSimulator.ActiveCfg = Debug|Any CPU
		{9211DF77-140A-48AD-890C-1C56554A045A}.Debug|iPhoneSimulator.Build.0 = Debug|Any CPU
		{9211DF77-140A-48AD-890C-1C56554A045A}.Debug|x64.ActiveCfg = Debug|Any CPU
		{9211DF77-140A-48AD-890C-1C56554A045A}.Debug|x64.Build.0 = Debug|Any CPU
		{9211DF77-140A-48AD-890C-1C56554A045A}.Debug|x86.ActiveCfg = Debug|Any CPU
		{9211DF77-140A-48AD-890C-1C56554A045A}.Debug|x86.Build.0 = Debug|Any CPU
		{9211DF77-140A-48AD-890C-1C56554A045A}.Release|Any CPU.ActiveCfg = Release|Any CPU
		{9211DF77-140A-48AD-890C-1C56554A045A}.Release|Any CPU.Build.0 = Release|Any CPU
		{9211DF77-140A-48AD-890C-1C56554A045A}.Release|ARM.ActiveCfg = Release|Any CPU
		{9211DF77-140A-48AD-890C-1C56554A045A}.Release|ARM.Build.0 = Release|Any CPU
		{9211DF77-140A-48AD-890C-1C56554A045A}.Release|iPhone.ActiveCfg = Release|Any CPU
		{9211DF77-140A-48AD-890C-1C56554A045A}.Release|iPhone.Build.0 = Release|Any CPU
		{9211DF77-140A-48AD-890C-1C56554A045A}.Release|iPhoneSimulator.ActiveCfg = Release|Any CPU
		{9211DF77-140A-48AD-890C-1C56554A045A}.Release|iPhoneSimulator.Build.0 = Release|Any CPU
		{9211DF77-140A-48AD-890C-1C56554A045A}.Release|x64.ActiveCfg = Release|Any CPU
		{9211DF77-140A-48AD-890C-1C56554A045A}.Release|x64.Build.0 = Release|Any CPU
		{9211DF77-140A-48AD-890C-1C56554A045A}.Release|x86.ActiveCfg = Release|Any CPU
		{9211DF77-140A-48AD-890C-1C56554A045A}.Release|x86.Build.0 = Release|Any CPU
		{6173CC5B-A08A-49C2-86F7-C6A58BCD2943}.Ad-Hoc|Any CPU.ActiveCfg = Release|x86
		{6173CC5B-A08A-49C2-86F7-C6A58BCD2943}.Ad-Hoc|Any CPU.Build.0 = Release|x86
		{6173CC5B-A08A-49C2-86F7-C6A58BCD2943}.Ad-Hoc|Any CPU.Deploy.0 = Release|x86
		{6173CC5B-A08A-49C2-86F7-C6A58BCD2943}.Ad-Hoc|ARM.ActiveCfg = Release|ARM
		{6173CC5B-A08A-49C2-86F7-C6A58BCD2943}.Ad-Hoc|ARM.Build.0 = Release|ARM
		{6173CC5B-A08A-49C2-86F7-C6A58BCD2943}.Ad-Hoc|ARM.Deploy.0 = Release|ARM
		{6173CC5B-A08A-49C2-86F7-C6A58BCD2943}.Ad-Hoc|iPhone.ActiveCfg = Release|x86
		{6173CC5B-A08A-49C2-86F7-C6A58BCD2943}.Ad-Hoc|iPhone.Build.0 = Release|x86
		{6173CC5B-A08A-49C2-86F7-C6A58BCD2943}.Ad-Hoc|iPhone.Deploy.0 = Release|x86
		{6173CC5B-A08A-49C2-86F7-C6A58BCD2943}.Ad-Hoc|iPhoneSimulator.ActiveCfg = Release|x86
		{6173CC5B-A08A-49C2-86F7-C6A58BCD2943}.Ad-Hoc|iPhoneSimulator.Build.0 = Release|x86
		{6173CC5B-A08A-49C2-86F7-C6A58BCD2943}.Ad-Hoc|iPhoneSimulator.Deploy.0 = Release|x86
		{6173CC5B-A08A-49C2-86F7-C6A58BCD2943}.Ad-Hoc|x64.ActiveCfg = Release|x64
		{6173CC5B-A08A-49C2-86F7-C6A58BCD2943}.Ad-Hoc|x64.Build.0 = Release|x64
		{6173CC5B-A08A-49C2-86F7-C6A58BCD2943}.Ad-Hoc|x64.Deploy.0 = Release|x64
		{6173CC5B-A08A-49C2-86F7-C6A58BCD2943}.Ad-Hoc|x86.ActiveCfg = Release|x86
		{6173CC5B-A08A-49C2-86F7-C6A58BCD2943}.Ad-Hoc|x86.Build.0 = Release|x86
		{6173CC5B-A08A-49C2-86F7-C6A58BCD2943}.Ad-Hoc|x86.Deploy.0 = Release|x86
		{6173CC5B-A08A-49C2-86F7-C6A58BCD2943}.AppStore|Any CPU.ActiveCfg = Release|x86
		{6173CC5B-A08A-49C2-86F7-C6A58BCD2943}.AppStore|Any CPU.Build.0 = Release|x86
		{6173CC5B-A08A-49C2-86F7-C6A58BCD2943}.AppStore|Any CPU.Deploy.0 = Release|x86
		{6173CC5B-A08A-49C2-86F7-C6A58BCD2943}.AppStore|ARM.ActiveCfg = Release|ARM
		{6173CC5B-A08A-49C2-86F7-C6A58BCD2943}.AppStore|ARM.Build.0 = Release|ARM
		{6173CC5B-A08A-49C2-86F7-C6A58BCD2943}.AppStore|ARM.Deploy.0 = Release|ARM
		{6173CC5B-A08A-49C2-86F7-C6A58BCD2943}.AppStore|iPhone.ActiveCfg = Release|x86
		{6173CC5B-A08A-49C2-86F7-C6A58BCD2943}.AppStore|iPhone.Build.0 = Release|x86
		{6173CC5B-A08A-49C2-86F7-C6A58BCD2943}.AppStore|iPhone.Deploy.0 = Release|x86
		{6173CC5B-A08A-49C2-86F7-C6A58BCD2943}.AppStore|iPhoneSimulator.ActiveCfg = Release|x86
		{6173CC5B-A08A-49C2-86F7-C6A58BCD2943}.AppStore|iPhoneSimulator.Build.0 = Release|x86
		{6173CC5B-A08A-49C2-86F7-C6A58BCD2943}.AppStore|iPhoneSimulator.Deploy.0 = Release|x86
		{6173CC5B-A08A-49C2-86F7-C6A58BCD2943}.AppStore|x64.ActiveCfg = Release|x64
		{6173CC5B-A08A-49C2-86F7-C6A58BCD2943}.AppStore|x64.Build.0 = Release|x64
		{6173CC5B-A08A-49C2-86F7-C6A58BCD2943}.AppStore|x64.Deploy.0 = Release|x64
		{6173CC5B-A08A-49C2-86F7-C6A58BCD2943}.AppStore|x86.ActiveCfg = Release|x86
		{6173CC5B-A08A-49C2-86F7-C6A58BCD2943}.AppStore|x86.Build.0 = Release|x86
		{6173CC5B-A08A-49C2-86F7-C6A58BCD2943}.AppStore|x86.Deploy.0 = Release|x86
		{6173CC5B-A08A-49C2-86F7-C6A58BCD2943}.Debug|Any CPU.ActiveCfg = Debug|x86
		{6173CC5B-A08A-49C2-86F7-C6A58BCD2943}.Debug|ARM.ActiveCfg = Debug|ARM
		{6173CC5B-A08A-49C2-86F7-C6A58BCD2943}.Debug|ARM.Build.0 = Debug|ARM
		{6173CC5B-A08A-49C2-86F7-C6A58BCD2943}.Debug|ARM.Deploy.0 = Debug|ARM
		{6173CC5B-A08A-49C2-86F7-C6A58BCD2943}.Debug|iPhone.ActiveCfg = Debug|x86
		{6173CC5B-A08A-49C2-86F7-C6A58BCD2943}.Debug|iPhoneSimulator.ActiveCfg = Debug|x86
		{6173CC5B-A08A-49C2-86F7-C6A58BCD2943}.Debug|x64.ActiveCfg = Debug|x64
		{6173CC5B-A08A-49C2-86F7-C6A58BCD2943}.Debug|x64.Build.0 = Debug|x64
		{6173CC5B-A08A-49C2-86F7-C6A58BCD2943}.Debug|x64.Deploy.0 = Debug|x64
		{6173CC5B-A08A-49C2-86F7-C6A58BCD2943}.Debug|x86.ActiveCfg = Debug|x86
		{6173CC5B-A08A-49C2-86F7-C6A58BCD2943}.Debug|x86.Build.0 = Debug|x86
		{6173CC5B-A08A-49C2-86F7-C6A58BCD2943}.Debug|x86.Deploy.0 = Debug|x86
		{6173CC5B-A08A-49C2-86F7-C6A58BCD2943}.Release|Any CPU.ActiveCfg = Release|x86
		{6173CC5B-A08A-49C2-86F7-C6A58BCD2943}.Release|ARM.ActiveCfg = Release|ARM
		{6173CC5B-A08A-49C2-86F7-C6A58BCD2943}.Release|ARM.Build.0 = Release|ARM
		{6173CC5B-A08A-49C2-86F7-C6A58BCD2943}.Release|ARM.Deploy.0 = Release|ARM
		{6173CC5B-A08A-49C2-86F7-C6A58BCD2943}.Release|iPhone.ActiveCfg = Release|x86
		{6173CC5B-A08A-49C2-86F7-C6A58BCD2943}.Release|iPhoneSimulator.ActiveCfg = Release|x86
		{6173CC5B-A08A-49C2-86F7-C6A58BCD2943}.Release|x64.ActiveCfg = Release|x64
		{6173CC5B-A08A-49C2-86F7-C6A58BCD2943}.Release|x64.Build.0 = Release|x64
		{6173CC5B-A08A-49C2-86F7-C6A58BCD2943}.Release|x64.Deploy.0 = Release|x64
		{6173CC5B-A08A-49C2-86F7-C6A58BCD2943}.Release|x86.ActiveCfg = Release|x86
		{6173CC5B-A08A-49C2-86F7-C6A58BCD2943}.Release|x86.Build.0 = Release|x86
		{6173CC5B-A08A-49C2-86F7-C6A58BCD2943}.Release|x86.Deploy.0 = Release|x86
		{3526EC6E-76A9-47CB-BF3A-0FF0F64AE6AC}.Ad-Hoc|Any CPU.ActiveCfg = Ad-Hoc|iPhone
		{3526EC6E-76A9-47CB-BF3A-0FF0F64AE6AC}.Ad-Hoc|ARM.ActiveCfg = Ad-Hoc|iPhone
		{3526EC6E-76A9-47CB-BF3A-0FF0F64AE6AC}.Ad-Hoc|iPhone.ActiveCfg = Ad-Hoc|iPhone
		{3526EC6E-76A9-47CB-BF3A-0FF0F64AE6AC}.Ad-Hoc|iPhone.Build.0 = Ad-Hoc|iPhone
		{3526EC6E-76A9-47CB-BF3A-0FF0F64AE6AC}.Ad-Hoc|iPhoneSimulator.ActiveCfg = Ad-Hoc|iPhoneSimulator
		{3526EC6E-76A9-47CB-BF3A-0FF0F64AE6AC}.Ad-Hoc|iPhoneSimulator.Build.0 = Ad-Hoc|iPhoneSimulator
		{3526EC6E-76A9-47CB-BF3A-0FF0F64AE6AC}.Ad-Hoc|x64.ActiveCfg = Ad-Hoc|iPhone
		{3526EC6E-76A9-47CB-BF3A-0FF0F64AE6AC}.Ad-Hoc|x86.ActiveCfg = Ad-Hoc|iPhone
		{3526EC6E-76A9-47CB-BF3A-0FF0F64AE6AC}.AppStore|Any CPU.ActiveCfg = AppStore|iPhone
		{3526EC6E-76A9-47CB-BF3A-0FF0F64AE6AC}.AppStore|ARM.ActiveCfg = AppStore|iPhone
		{3526EC6E-76A9-47CB-BF3A-0FF0F64AE6AC}.AppStore|iPhone.ActiveCfg = AppStore|iPhone
		{3526EC6E-76A9-47CB-BF3A-0FF0F64AE6AC}.AppStore|iPhone.Build.0 = AppStore|iPhone
		{3526EC6E-76A9-47CB-BF3A-0FF0F64AE6AC}.AppStore|iPhoneSimulator.ActiveCfg = AppStore|iPhoneSimulator
		{3526EC6E-76A9-47CB-BF3A-0FF0F64AE6AC}.AppStore|iPhoneSimulator.Build.0 = AppStore|iPhoneSimulator
		{3526EC6E-76A9-47CB-BF3A-0FF0F64AE6AC}.AppStore|x64.ActiveCfg = AppStore|iPhone
		{3526EC6E-76A9-47CB-BF3A-0FF0F64AE6AC}.AppStore|x86.ActiveCfg = AppStore|iPhone
		{3526EC6E-76A9-47CB-BF3A-0FF0F64AE6AC}.Debug|Any CPU.ActiveCfg = Debug|iPhone
		{3526EC6E-76A9-47CB-BF3A-0FF0F64AE6AC}.Debug|ARM.ActiveCfg = Debug|iPhone
		{3526EC6E-76A9-47CB-BF3A-0FF0F64AE6AC}.Debug|iPhone.ActiveCfg = Debug|iPhone
		{3526EC6E-76A9-47CB-BF3A-0FF0F64AE6AC}.Debug|iPhone.Build.0 = Debug|iPhone
		{3526EC6E-76A9-47CB-BF3A-0FF0F64AE6AC}.Debug|iPhoneSimulator.ActiveCfg = Debug|iPhoneSimulator
		{3526EC6E-76A9-47CB-BF3A-0FF0F64AE6AC}.Debug|iPhoneSimulator.Build.0 = Debug|iPhoneSimulator
		{3526EC6E-76A9-47CB-BF3A-0FF0F64AE6AC}.Debug|x64.ActiveCfg = Debug|iPhone
		{3526EC6E-76A9-47CB-BF3A-0FF0F64AE6AC}.Debug|x86.ActiveCfg = Debug|iPhone
		{3526EC6E-76A9-47CB-BF3A-0FF0F64AE6AC}.Release|Any CPU.ActiveCfg = Release|iPhone
		{3526EC6E-76A9-47CB-BF3A-0FF0F64AE6AC}.Release|ARM.ActiveCfg = Release|iPhone
		{3526EC6E-76A9-47CB-BF3A-0FF0F64AE6AC}.Release|iPhone.ActiveCfg = Release|iPhone
		{3526EC6E-76A9-47CB-BF3A-0FF0F64AE6AC}.Release|iPhone.Build.0 = Release|iPhone
		{3526EC6E-76A9-47CB-BF3A-0FF0F64AE6AC}.Release|iPhoneSimulator.ActiveCfg = Release|iPhoneSimulator
		{3526EC6E-76A9-47CB-BF3A-0FF0F64AE6AC}.Release|iPhoneSimulator.Build.0 = Release|iPhoneSimulator
		{3526EC6E-76A9-47CB-BF3A-0FF0F64AE6AC}.Release|x64.ActiveCfg = Release|iPhone
		{3526EC6E-76A9-47CB-BF3A-0FF0F64AE6AC}.Release|x86.ActiveCfg = Release|iPhone
	EndGlobalSection
	GlobalSection(SolutionProperties) = preSolution
		HideSolutionNode = FALSE
	EndGlobalSection
	GlobalSection(ExtensibilityGlobals) = postSolution
		SolutionGuid = {F3BE9146-C8F2-4205-A92F-4FFB05F1B439}
	EndGlobalSection
EndGlobal
